
Microsoft Visual Studio Solution File, Format Version 12.00
# Visual Studio 14
VisualStudioVersion = 14.0.25123.0
MinimumVisualStudioVersion = 10.0.40219.1
Project("{FAE04EC0-301F-11D3-BF4B-00C04F79EFBC}") = "zeld.io", "zeld.io\zeld.io.csproj", "{3AB4F758-493F-4C9A-875C-EDA7A18A5F01}"
EndProject
Global
	GlobalSection(SolutionConfigurationPlatforms) = preSolution
		Debug|Any CPU = Debug|Any CPU
		Release|Any CPU = Release|Any CPU
	EndGlobalSection
	GlobalSection(ProjectConfigurationPlatforms) = postSolution
		{3AB4F758-493F-4C9A-875C-EDA7A18A5F01}.Debug|Any CPU.ActiveCfg = Debug|Any CPU
		{3AB4F758-493F-4C9A-875C-EDA7A18A5F01}.Debug|Any CPU.Build.0 = Debug|Any CPU
		{3AB4F758-493F-4C9A-875C-EDA7A18A5F01}.Release|Any CPU.ActiveCfg = Release|Any CPU
		{3AB4F758-493F-4C9A-875C-EDA7A18A5F01}.Release|Any CPU.Build.0 = Release|Any CPU
	EndGlobalSection
	GlobalSection(SolutionProperties) = preSolution
		HideSolutionNode = FALSE
	EndGlobalSection
EndGlobal
